
Microsoft Visual Studio Solution File, Format Version 12.00
# Visual Studio Version 17
VisualStudioVersion = 17.6.33723.286
MinimumVisualStudioVersion = 10.0.40219.1
Project("{9A19103F-16F7-4668-BE54-9A1E7A4F7556}") = "BinanceBot", "BinanceBot\BinanceBot.csproj", "{B38394F2-CB5C-4104-818C-E6CE2B3524F2}"
EndProject
Project("{9A19103F-16F7-4668-BE54-9A1E7A4F7556}") = "BinanceBot.Tests", "BinanceBot.Tests\BinanceBot.Tests.csproj", "{E1C6C6D4-9A1C-4830-B13A-1B54F9E3E849}"
EndProject
Project("{9A19103F-16F7-4668-BE54-9A1E7A4F7556}") = "BinanceBotSimulation", "BinanceBotSimulation\BinanceBotSimulation.csproj", "{5B51677E-2B46-4D67-835F-3963C31D356C}"
EndProject
Project("{9A19103F-16F7-4668-BE54-9A1E7A4F7556}") = "BinanceTradeOrderPlanner", "BinanceTradeOrderPlanner\BinanceTradeOrderPlanner.csproj", "{F724DFFB-2209-4C05-8832-8526DFC3071A}"
EndProject
Project("{9A19103F-16F7-4668-BE54-9A1E7A4F7556}") = "TradingCalculation", "TradingCalculation\TradingCalculation.csproj", "{14D008B1-D44C-4A01-A5FB-F34D7B0F3B06}"
EndProject
Project("{FAE04EC0-301F-11D3-BF4B-00C04F79EFBC}") = "BinanceBotML", "BinanceBotML\BinanceBotML.csproj", "{142B79E8-2DDC-48F7-9885-0A2AFBEC5D50}"
EndProject
Project("{FAE04EC0-301F-11D3-BF4B-00C04F79EFBC}") = "BinanceBotML.Feeder", "BinanceBotML.Feeder\BinanceBotML.Feeder.csproj", "{A6170920-2E8A-4AD5-841B-810224701F86}"
EndProject
Global
	GlobalSection(SolutionConfigurationPlatforms) = preSolution
		Debug|Any CPU = Debug|Any CPU
		Release|Any CPU = Release|Any CPU
	EndGlobalSection
	GlobalSection(ProjectConfigurationPlatforms) = postSolution
		{B38394F2-CB5C-4104-818C-E6CE2B3524F2}.Debug|Any CPU.ActiveCfg = Debug|Any CPU
		{B38394F2-CB5C-4104-818C-E6CE2B3524F2}.Debug|Any CPU.Build.0 = Debug|Any CPU
		{B38394F2-CB5C-4104-818C-E6CE2B3524F2}.Release|Any CPU.ActiveCfg = Release|Any CPU
		{B38394F2-CB5C-4104-818C-E6CE2B3524F2}.Release|Any CPU.Build.0 = Release|Any CPU
		{E1C6C6D4-9A1C-4830-B13A-1B54F9E3E849}.Debug|Any CPU.ActiveCfg = Debug|Any CPU
		{E1C6C6D4-9A1C-4830-B13A-1B54F9E3E849}.Debug|Any CPU.Build.0 = Debug|Any CPU
		{E1C6C6D4-9A1C-4830-B13A-1B54F9E3E849}.Release|Any CPU.ActiveCfg = Release|Any CPU
		{E1C6C6D4-9A1C-4830-B13A-1B54F9E3E849}.Release|Any CPU.Build.0 = Release|Any CPU
		{5B51677E-2B46-4D67-835F-3963C31D356C}.Debug|Any CPU.ActiveCfg = Debug|Any CPU
		{5B51677E-2B46-4D67-835F-3963C31D356C}.Debug|Any CPU.Build.0 = Debug|Any CPU
		{5B51677E-2B46-4D67-835F-3963C31D356C}.Release|Any CPU.ActiveCfg = Release|Any CPU
		{5B51677E-2B46-4D67-835F-3963C31D356C}.Release|Any CPU.Build.0 = Release|Any CPU
		{F724DFFB-2209-4C05-8832-8526DFC3071A}.Debug|Any CPU.ActiveCfg = Debug|Any CPU
		{F724DFFB-2209-4C05-8832-8526DFC3071A}.Debug|Any CPU.Build.0 = Debug|Any CPU
		{F724DFFB-2209-4C05-8832-8526DFC3071A}.Release|Any CPU.ActiveCfg = Release|Any CPU
		{F724DFFB-2209-4C05-8832-8526DFC3071A}.Release|Any CPU.Build.0 = Release|Any CPU
		{14D008B1-D44C-4A01-A5FB-F34D7B0F3B06}.Debug|Any CPU.ActiveCfg = Debug|Any CPU
		{14D008B1-D44C-4A01-A5FB-F34D7B0F3B06}.Debug|Any CPU.Build.0 = Debug|Any CPU
		{14D008B1-D44C-4A01-A5FB-F34D7B0F3B06}.Release|Any CPU.ActiveCfg = Release|Any CPU
		{14D008B1-D44C-4A01-A5FB-F34D7B0F3B06}.Release|Any CPU.Build.0 = Release|Any CPU
		{142B79E8-2DDC-48F7-9885-0A2AFBEC5D50}.Debug|Any CPU.ActiveCfg = Debug|Any CPU
		{142B79E8-2DDC-48F7-9885-0A2AFBEC5D50}.Debug|Any CPU.Build.0 = Debug|Any CPU
		{142B79E8-2DDC-48F7-9885-0A2AFBEC5D50}.Release|Any CPU.ActiveCfg = Release|Any CPU
		{142B79E8-2DDC-48F7-9885-0A2AFBEC5D50}.Release|Any CPU.Build.0 = Release|Any CPU
		{A6170920-2E8A-4AD5-841B-810224701F86}.Debug|Any CPU.ActiveCfg = Debug|Any CPU
		{A6170920-2E8A-4AD5-841B-810224701F86}.Debug|Any CPU.Build.0 = Debug|Any CPU
		{A6170920-2E8A-4AD5-841B-810224701F86}.Release|Any CPU.ActiveCfg = Release|Any CPU
		{A6170920-2E8A-4AD5-841B-810224701F86}.Release|Any CPU.Build.0 = Release|Any CPU
	EndGlobalSection
	GlobalSection(SolutionProperties) = preSolution
		HideSolutionNode = FALSE
	EndGlobalSection
	GlobalSection(ExtensibilityGlobals) = postSolution
		SolutionGuid = {D202F2BB-B7E1-4390-B8AE-3D4266353BF0}
	EndGlobalSection
EndGlobal
